
Microsoft Visual Studio Solution File, Format Version 12.00
# Visual Studio Version 17
VisualStudioVersion = 17.3.32922.545
MinimumVisualStudioVersion = 10.0.40219.1
Project("{2150E333-8FDC-42A3-9474-1A3956D46DE8}") = "Core", "Core", "{BC08DEA2-E905-4E99-85D5-71E1BB644430}"
EndProject
Project("{2150E333-8FDC-42A3-9474-1A3956D46DE8}") = "Infrastructure", "Infrastructure", "{65E1444D-D363-4341-BCF9-45CBA05E17F4}"
EndProject
Project("{2150E333-8FDC-42A3-9474-1A3956D46DE8}") = "Presentation", "Presentation", "{F050494E-6015-441E-80CD-B7B2A0AAC58F}"
EndProject
Project("{2150E333-8FDC-42A3-9474-1A3956D46DE8}") = "Test", "Test", "{AAB89074-CB6C-40E4-8977-9C03CB35D26F}"
EndProject
Project("{FAE04EC0-301F-11D3-BF4B-00C04F79EFBC}") = "Domain", "Domain\Domain.csproj", "{B542A4CB-ACC8-4365-BDBE-3CC2393146A6}"
EndProject
Project("{FAE04EC0-301F-11D3-BF4B-00C04F79EFBC}") = "Application", "Application\Application.csproj", "{728A3190-11B5-486C-B109-D61147CD10DF}"
EndProject
Project("{FAE04EC0-301F-11D3-BF4B-00C04F79EFBC}") = "Persistence", "Persistence\Persistence.csproj", "{18D666BC-42D1-4BC5-B3FB-9943674441E2}"
EndProject
Project("{FAE04EC0-301F-11D3-BF4B-00C04F79EFBC}") = "WebApi", "WebApi\WebApi.csproj", "{10EE562B-FFDD-43D1-88F7-7CBE966A666C}"
EndProject
Global
	GlobalSection(SolutionConfigurationPlatforms) = preSolution
		Debug|Any CPU = Debug|Any CPU
		Release|Any CPU = Release|Any CPU
	EndGlobalSection
	GlobalSection(ProjectConfigurationPlatforms) = postSolution
		{B542A4CB-ACC8-4365-BDBE-3CC2393146A6}.Debug|Any CPU.ActiveCfg = Debug|Any CPU
		{B542A4CB-ACC8-4365-BDBE-3CC2393146A6}.Debug|Any CPU.Build.0 = Debug|Any CPU
		{B542A4CB-ACC8-4365-BDBE-3CC2393146A6}.Release|Any CPU.ActiveCfg = Release|Any CPU
		{B542A4CB-ACC8-4365-BDBE-3CC2393146A6}.Release|Any CPU.Build.0 = Release|Any CPU
		{728A3190-11B5-486C-B109-D61147CD10DF}.Debug|Any CPU.ActiveCfg = Debug|Any CPU
		{728A3190-11B5-486C-B109-D61147CD10DF}.Debug|Any CPU.Build.0 = Debug|Any CPU
		{728A3190-11B5-486C-B109-D61147CD10DF}.Release|Any CPU.ActiveCfg = Release|Any CPU
		{728A3190-11B5-486C-B109-D61147CD10DF}.Release|Any CPU.Build.0 = Release|Any CPU
		{18D666BC-42D1-4BC5-B3FB-9943674441E2}.Debug|Any CPU.ActiveCfg = Debug|Any CPU
		{18D666BC-42D1-4BC5-B3FB-9943674441E2}.Debug|Any CPU.Build.0 = Debug|Any CPU
		{18D666BC-42D1-4BC5-B3FB-9943674441E2}.Release|Any CPU.ActiveCfg = Release|Any CPU
		{18D666BC-42D1-4BC5-B3FB-9943674441E2}.Release|Any CPU.Build.0 = Release|Any CPU
		{10EE562B-FFDD-43D1-88F7-7CBE966A666C}.Debug|Any CPU.ActiveCfg = Debug|Any CPU
		{10EE562B-FFDD-43D1-88F7-7CBE966A666C}.Debug|Any CPU.Build.0 = Debug|Any CPU
		{10EE562B-FFDD-43D1-88F7-7CBE966A666C}.Release|Any CPU.ActiveCfg = Release|Any CPU
		{10EE562B-FFDD-43D1-88F7-7CBE966A666C}.Release|Any CPU.Build.0 = Release|Any CPU
	EndGlobalSection
	GlobalSection(SolutionProperties) = preSolution
		HideSolutionNode = FALSE
	EndGlobalSection
	GlobalSection(NestedProjects) = preSolution
		{B542A4CB-ACC8-4365-BDBE-3CC2393146A6} = {BC08DEA2-E905-4E99-85D5-71E1BB644430}
		{728A3190-11B5-486C-B109-D61147CD10DF} = {BC08DEA2-E905-4E99-85D5-71E1BB644430}
		{18D666BC-42D1-4BC5-B3FB-9943674441E2} = {65E1444D-D363-4341-BCF9-45CBA05E17F4}
		{10EE562B-FFDD-43D1-88F7-7CBE966A666C} = {F050494E-6015-441E-80CD-B7B2A0AAC58F}
	EndGlobalSection
	GlobalSection(ExtensibilityGlobals) = postSolution
		SolutionGuid = {8FEBE170-9D92-4166-B50D-F470FC8558E0}
	EndGlobalSection
EndGlobal
